
Microsoft Visual Studio Solution File, Format Version 12.00
# Visual Studio Version 17
VisualStudioVersion = 17.10.35004.147
MinimumVisualStudioVersion = 10.0.40219.1
Project("{9A19103F-16F7-4668-BE54-9A1E7A4F7556}") = "CardConsole", "CardConsole\CardConsole.csproj", "{051A7860-D184-44EB-963F-E6CB23BAC202}"
EndProject
Project("{FAE04EC0-301F-11D3-BF4B-00C04F79EFBC}") = "CardConsole.Test", "CardConsole.Test\CardConsole.Test.csproj", "{DE980C50-57F6-431C-929F-E323F67CF3EB}"
EndProject
Global
	GlobalSection(SolutionConfigurationPlatforms) = preSolution
		Debug|Any CPU = Debug|Any CPU
		Release|Any CPU = Release|Any CPU
	EndGlobalSection
	GlobalSection(ProjectConfigurationPlatforms) = postSolution
		{051A7860-D184-44EB-963F-E6CB23BAC202}.Debug|Any CPU.ActiveCfg = Debug|Any CPU
		{051A7860-D184-44EB-963F-E6CB23BAC202}.Debug|Any CPU.Build.0 = Debug|Any CPU
		{051A7860-D184-44EB-963F-E6CB23BAC202}.Release|Any CPU.ActiveCfg = Release|Any CPU
		{051A7860-D184-44EB-963F-E6CB23BAC202}.Release|Any CPU.Build.0 = Release|Any CPU
		{DE980C50-57F6-431C-929F-E323F67CF3EB}.Debug|Any CPU.ActiveCfg = Debug|Any CPU
		{DE980C50-57F6-431C-929F-E323F67CF3EB}.Debug|Any CPU.Build.0 = Debug|Any CPU
		{DE980C50-57F6-431C-929F-E323F67CF3EB}.Release|Any CPU.ActiveCfg = Release|Any CPU
		{DE980C50-57F6-431C-929F-E323F67CF3EB}.Release|Any CPU.Build.0 = Release|Any CPU
	EndGlobalSection
	GlobalSection(SolutionProperties) = preSolution
		HideSolutionNode = FALSE
	EndGlobalSection
	GlobalSection(ExtensibilityGlobals) = postSolution
		SolutionGuid = {D9945347-FB43-4E7A-A466-2A93F9213769}
	EndGlobalSection
EndGlobal
